#MicroXplorer Configuration settings - do not modify
ADC1.Channel-1\#ChannelRegularConversion=ADC_CHANNEL_TEMPSENSOR_ADC1
ADC1.IPParameters=Rank-1\#ChannelRegularConversion,Channel-1\#ChannelRegularConversion,SamplingTime-1\#ChannelRegularConversion,OffsetNumber-1\#ChannelRegularConversion,NbrOfConversionFlag,master
ADC1.NbrOfConversionFlag=1
ADC1.OffsetNumber-1\#ChannelRegularConversion=ADC_OFFSET_NONE
ADC1.Rank-1\#ChannelRegularConversion=1
ADC1.SamplingTime-1\#ChannelRegularConversion=ADC_SAMPLETIME_2CYCLES_5
ADC1.master=1
ADC2.Channel-3\#ChannelRegularConversion=ADC_CHANNEL_6
ADC2.IPParameters=Rank-3\#ChannelRegularConversion,Channel-3\#ChannelRegularConversion,SamplingTime-3\#ChannelRegularConversion,OffsetNumber-3\#ChannelRegularConversion,NbrOfConversionFlag
ADC2.NbrOfConversionFlag=1
ADC2.OffsetNumber-3\#ChannelRegularConversion=ADC_OFFSET_NONE
ADC2.Rank-3\#ChannelRegularConversion=1
ADC2.SamplingTime-3\#ChannelRegularConversion=ADC_SAMPLETIME_2CYCLES_5
ADC5.Channel-1\#ChannelRegularConversion=ADC_CHANNEL_TEMPSENSOR_ADC5
ADC5.IPParameters=Rank-1\#ChannelRegularConversion,Channel-1\#ChannelRegularConversion,SamplingTime-1\#ChannelRegularConversion,OffsetNumber-1\#ChannelRegularConversion,NbrOfConversionFlag
ADC5.NbrOfConversionFlag=1
ADC5.OffsetNumber-1\#ChannelRegularConversion=ADC_OFFSET_NONE
ADC5.Rank-1\#ChannelRegularConversion=1
ADC5.SamplingTime-1\#ChannelRegularConversion=ADC_SAMPLETIME_2CYCLES_5
File.Version=6
I2C2.IPParameters=Timing
I2C2.Timing=0x40707DBB
KeepUserPlacement=false
Mcu.Family=STM32G4
Mcu.IP0=ADC1
Mcu.IP1=ADC2
Mcu.IP10=I2C2
Mcu.IP11=NVIC
Mcu.IP12=OPAMP1
Mcu.IP13=OPAMP2
Mcu.IP14=OPAMP3
Mcu.IP15=RCC
Mcu.IP16=SYS
Mcu.IP17=TIM1
Mcu.IP18=TIM2
Mcu.IP19=TIM3
Mcu.IP2=ADC5
Mcu.IP20=TIM4
Mcu.IP21=TIM5
Mcu.IP22=USART2
Mcu.IP3=COMP1
Mcu.IP4=COMP3
Mcu.IP5=COMP4
Mcu.IP6=CORDIC
Mcu.IP7=DAC1
Mcu.IP8=FDCAN1
Mcu.IP9=FDCAN2
Mcu.IPNb=23
Mcu.Name=STM32G474V(B-C-E)Hx
Mcu.Package=TFBGA100
Mcu.Pin0=PE4
Mcu.Pin1=PB8-BOOT0
Mcu.Pin10=PD0
Mcu.Pin11=PA15
Mcu.Pin12=PA14
Mcu.Pin13=PE6
Mcu.Pin14=PB4
Mcu.Pin15=PD3
Mcu.Pin16=PA13
Mcu.Pin17=PA9
Mcu.Pin18=PF0-OSC_IN
Mcu.Pin19=PF1-OSC_OUT
Mcu.Pin2=PB6
Mcu.Pin20=PA8
Mcu.Pin21=PC2
Mcu.Pin22=PC0
Mcu.Pin23=PG10-NRST
Mcu.Pin24=PD14
Mcu.Pin25=PC3
Mcu.Pin26=PA1
Mcu.Pin27=PA0
Mcu.Pin28=PE7
Mcu.Pin29=PD13
Mcu.Pin3=PB3
Mcu.Pin30=PA2
Mcu.Pin31=PA4
Mcu.Pin32=PA3
Mcu.Pin33=PB0
Mcu.Pin34=PE8
Mcu.Pin35=PE9
Mcu.Pin36=PA5
Mcu.Pin37=PA6
Mcu.Pin38=PC5
Mcu.Pin39=PB2
Mcu.Pin4=PD6
Mcu.Pin40=PE11
Mcu.Pin41=PB10
Mcu.Pin42=PD12
Mcu.Pin43=PA7
Mcu.Pin44=PB1
Mcu.Pin45=PE10
Mcu.Pin46=PE13
Mcu.Pin47=PB15
Mcu.Pin48=VP_ADC1_TempSens_Input
Mcu.Pin49=VP_ADC5_TempSens_Input
Mcu.Pin5=PD5
Mcu.Pin50=VP_CORDIC_VS_CORDIC
Mcu.Pin51=VP_SYS_VS_Systick
Mcu.Pin52=VP_SYS_VS_DBSignals
Mcu.Pin6=PD1
Mcu.Pin7=PC12
Mcu.Pin8=PE5
Mcu.Pin9=PB5
Mcu.PinsNb=53
Mcu.ThirdPartyNb=0
Mcu.UserConstants=
Mcu.UserName=STM32G474VEHx
MxCube.Version=5.4.0
MxDb.Version=DB.5.0.40
NVIC.BusFault_IRQn=true\:0\:0\:false\:false\:true\:false\:false
NVIC.DebugMonitor_IRQn=true\:0\:0\:false\:false\:true\:false\:false
NVIC.ForceEnableDMAVector=true
NVIC.HardFault_IRQn=true\:0\:0\:false\:false\:true\:false\:false
NVIC.MemoryManagement_IRQn=true\:0\:0\:false\:false\:true\:false\:false
NVIC.NonMaskableInt_IRQn=true\:0\:0\:false\:false\:true\:false\:false
NVIC.PendSV_IRQn=true\:0\:0\:false\:false\:true\:false\:false
NVIC.PriorityGroup=NVIC_PRIORITYGROUP_4
NVIC.SVCall_IRQn=true\:0\:0\:false\:false\:true\:false\:false
NVIC.SysTick_IRQn=true\:0\:0\:false\:false\:true\:false\:true
NVIC.UsageFault_IRQn=true\:0\:0\:false\:false\:true\:false\:false
PA0.Locked=true
PA0.Mode=INP
PA0.Signal=COMP3_INP
PA1.Locked=true
PA1.Mode=INP
PA1.Signal=COMP1_INP
PA13.Locked=true
PA13.Mode=JTAG_5_pins
PA13.Signal=SYS_JTMS-SWDIO
PA14.Locked=true
PA14.Mode=JTAG_5_pins
PA14.Signal=SYS_JTCK-SWCLK
PA15.Locked=true
PA15.Mode=JTAG_5_pins
PA15.Signal=SYS_JTDI
PA2.Locked=true
PA2.Mode=PGA Connected-INVERTINGINPUT_IO0_BIAS
PA2.Signal=OPAMP1_VOUT
PA3.Locked=true
PA3.Mode=PGA Connected-INVERTINGINPUT_IO0_BIAS
PA3.Signal=OPAMP1_VINP
PA4.GPIOParameters=GPIO_Label
PA4.GPIO_Label=DEBUG_DAC
PA4.Signal=COMP_DAC11_group
PA5.Locked=true
PA5.Mode=PGA Connected-INVERTINGINPUT_IO0_BIAS
PA5.Signal=OPAMP2_VINM
PA6.Locked=true
PA6.Mode=PGA Connected-INVERTINGINPUT_IO0_BIAS
PA6.Signal=OPAMP2_VOUT
PA7.Locked=true
PA7.Mode=PGA Connected-INVERTINGINPUT_IO0_BIAS
PA7.Signal=OPAMP2_VINP
PA8.Locked=true
PA8.Mode=I2C
PA8.Signal=I2C2_SDA
PA9.Locked=true
PA9.Mode=I2C
PA9.Signal=I2C2_SCL
PB0.Locked=true
PB0.Mode=PGA Connected-INVERTINGINPUT_IO0_BIAS
PB0.Signal=OPAMP3_VINP
PB1.Locked=true
PB1.Mode=PGA Connected-INVERTINGINPUT_IO0_BIAS
PB1.Signal=OPAMP3_VOUT
PB10.Locked=true
PB10.Mode=Activate-Break-Input
PB10.Signal=TIM1_BKIN
PB15.Locked=true
PB15.Mode=PWM Generation3 CH3 CH3N
PB15.Signal=TIM1_CH3N
PB2.Locked=true
PB2.Mode=PGA Connected-INVERTINGINPUT_IO0_BIAS
PB2.Signal=OPAMP3_VINM
PB3.Locked=true
PB3.Mode=JTAG_5_pins
PB3.Signal=SYS_JTDO-SWO
PB4.Locked=true
PB4.Mode=JTAG_5_pins
PB4.Signal=SYS_JTRST
PB5.Locked=true
PB5.Mode=FDCANSlave
PB5.Signal=FDCAN2_RX
PB6.Locked=true
PB6.Mode=FDCANSlave
PB6.Signal=FDCAN2_TX
PB8-BOOT0.GPIOParameters=GPIO_Label
PB8-BOOT0.GPIO_Label=BOOT0
PB8-BOOT0.Locked=true
PB8-BOOT0.Signal=GPIO_Input
PC0.GPIOParameters=GPIO_Label
PC0.GPIO_Label=BEMF1
PC0.Locked=true
PC0.Mode=IN6-Single-Ended
PC0.Signal=ADC2_IN6
PC12.GPIOParameters=GPIO_Label
PC12.GPIO_Label=PWM_IN
PC12.Signal=S_TIM5_CH2
PC2.GPIOParameters=GPIO_Label
PC2.GPIO_Label=BEMF2
PC2.Locked=true
PC2.Mode=IN8-Single-Ended
PC2.Signal=ADC1_IN8
PC3.GPIOParameters=GPIO_Label
PC3.GPIO_Label=BEMF3
PC3.Locked=true
PC3.Mode=IN9-Single-Ended
PC3.Signal=ADC2_IN9
PC5.Locked=true
PC5.Mode=PGA Connected-INVERTINGINPUT_IO0_BIAS
PC5.Signal=OPAMP1_VINM
PCC.Checker=true
PCC.Line=STM32G4x4
PCC.MCU=STM32G474V(B-C-E)Hx
PCC.PartNumber=STM32G474VEHx
PCC.Seq0=0
PCC.Series=STM32G4
PCC.Temperature=25
PCC.Vdd=3.0
PD0.Locked=true
PD0.Mode=FDCANMaster
PD0.Signal=FDCAN1_RX
PD1.Locked=true
PD1.Mode=FDCANMaster
PD1.Signal=FDCAN1_TX
PD12.Locked=true
PD12.Signal=S_TIM4_CH1
PD13.Locked=true
PD13.Signal=S_TIM4_CH2
PD14.Locked=true
PD14.Signal=S_TIM4_CH3
PD3.GPIOParameters=GPIO_Label
PD3.GPIO_Label=BEMF_SLCT
PD3.Locked=true
PD3.Signal=S_TIM2_CH1
PD5.Locked=true
PD5.Mode=Asynchronous
PD5.Signal=USART2_TX
PD6.Locked=true
PD6.Mode=Asynchronous
PD6.Signal=USART2_RX
PE10.Locked=true
PE10.Mode=PWM Generation2 CH2 CH2N
PE10.Signal=TIM1_CH2N
PE11.Locked=true
PE11.Signal=S_TIM1_CH2
PE13.Locked=true
PE13.Signal=S_TIM1_CH3
PE4.GPIOParameters=GPIO_Label
PE4.GPIO_Label=STATUS_1
PE4.Locked=true
PE4.Signal=S_TIM3_CH3
PE5.GPIOParameters=GPIO_Label
PE5.GPIO_Label=STATUS_2
PE5.Locked=true
PE5.Signal=S_TIM3_CH4
PE6.GPIOParameters=GPIO_Label
PE6.GPIO_Label=BUTT_START
PE6.Locked=true
PE6.Signal=GPIO_Input
PE7.Locked=true
PE7.Mode=INP
PE7.Signal=COMP4_INP
PE8.Locked=true
PE8.Mode=PWM Generation1 CH1 CH1N
PE8.Signal=TIM1_CH1N
PE9.Locked=true
PE9.Signal=S_TIM1_CH1
PF0-OSC_IN.Locked=true
PF0-OSC_IN.Mode=HSE-External-Oscillator
PF0-OSC_IN.Signal=RCC_OSC_IN
PF1-OSC_OUT.Locked=true
PF1-OSC_OUT.Mode=HSE-External-Oscillator
PF1-OSC_OUT.Signal=RCC_OSC_OUT
PG10-NRST.GPIOParameters=GPIO_Label
PG10-NRST.GPIO_Label=NRST
PG10-NRST.Locked=true
PG10-NRST.Signal=GPIO_Input
PinOutPanel.CurrentBGAView=Top
PinOutPanel.RotationAngle=0
ProjectManager.AskForMigrate=true
ProjectManager.BackupPrevious=false
ProjectManager.CompilerOptimize=6
ProjectManager.ComputerToolchain=false
ProjectManager.CoupleFile=false
ProjectManager.CustomerFirmwarePackage=
ProjectManager.DefaultFWLocation=true
ProjectManager.DeletePrevious=true
ProjectManager.DeviceId=STM32G474VEHx
ProjectManager.FirmwarePackage=STM32Cube FW_G4 V1.1.0
ProjectManager.FreePins=false
ProjectManager.HalAssertFull=false
ProjectManager.HeapSize=0x200
ProjectManager.KeepUserCode=true
ProjectManager.LastFirmware=true
ProjectManager.LibraryCopy=0
ProjectManager.MainLocation=Src
ProjectManager.NoMain=false
ProjectManager.PreviousToolchain=
ProjectManager.ProjectBuild=false
ProjectManager.ProjectFileName=CUBEMX_ESC.ioc
ProjectManager.ProjectName=CUBEMX_ESC
ProjectManager.StackSize=0x400
ProjectManager.TargetToolchain=EWARM V8.32
ProjectManager.ToolChainLocation=
ProjectManager.UnderRoot=false
ProjectManager.functionlistsort=
RCC.ADC12Freq_Value=159000000
RCC.ADC345Freq_Value=159000000
RCC.AHBFreq_Value=159000000
RCC.APB1Freq_Value=159000000
RCC.APB1TimFreq_Value=159000000
RCC.APB2Freq_Value=159000000
RCC.APB2TimFreq_Value=159000000
RCC.CRSFreq_Value=48000000
RCC.CortexFreq_Value=159000000
RCC.EXTERNAL_CLOCK_VALUE=12288000
RCC.FCLKCortexFreq_Value=159000000
RCC.FDCANFreq_Value=159000000
RCC.FamilyName=M
RCC.HCLKFreq_Value=159000000
RCC.HRTIM1Freq_Value=159000000
RCC.HSE_VALUE=24000000
RCC.HSI48_VALUE=48000000
RCC.HSI_VALUE=16000000
RCC.I2C1Freq_Value=159000000
RCC.I2C2Freq_Value=159000000
RCC.I2C3Freq_Value=159000000
RCC.I2C4Freq_Value=159000000
RCC.I2SFreq_Value=159000000
RCC.IPParameters=ADC12Freq_Value,ADC345Freq_Value,AHBFreq_Value,APB1Freq_Value,APB1TimFreq_Value,APB2Freq_Value,APB2TimFreq_Value,CRSFreq_Value,CortexFreq_Value,EXTERNAL_CLOCK_VALUE,FCLKCortexFreq_Value,FDCANFreq_Value,FamilyName,HCLKFreq_Value,HRTIM1Freq_Value,HSE_VALUE,HSI48_VALUE,HSI_VALUE,I2C1Freq_Value,I2C2Freq_Value,I2C3Freq_Value,I2C4Freq_Value,I2SFreq_Value,LPTIM1Freq_Value,LPUART1Freq_Value,LSCOPinFreq_Value,LSE_VALUE,LSI_VALUE,MCO1PinFreq_Value,PLLM,PLLN,PLLPoutputFreq_Value,PLLQoutputFreq_Value,PLLRCLKFreq_Value,PLLSourceVirtual,PWRFreq_Value,QSPIFreq_Value,RNGFreq_Value,SAI1Freq_Value,SYSCLKFreq_VALUE,SYSCLKSource,UART4Freq_Value,UART5Freq_Value,USART1Freq_Value,USART2Freq_Value,USART3Freq_Value,USBFreq_Value,VCOInputFreq_Value,VCOOutputFreq_Value
RCC.LPTIM1Freq_Value=159000000
RCC.LPUART1Freq_Value=159000000
RCC.LSCOPinFreq_Value=32000
RCC.LSE_VALUE=32768
RCC.LSI_VALUE=32000
RCC.MCO1PinFreq_Value=16000000
RCC.PLLM=RCC_PLLM_DIV4
RCC.PLLN=53
RCC.PLLPoutputFreq_Value=159000000
RCC.PLLQoutputFreq_Value=159000000
RCC.PLLRCLKFreq_Value=159000000
RCC.PLLSourceVirtual=RCC_PLLSOURCE_HSE
RCC.PWRFreq_Value=159000000
RCC.QSPIFreq_Value=159000000
RCC.RNGFreq_Value=159000000
RCC.SAI1Freq_Value=159000000
RCC.SYSCLKFreq_VALUE=159000000
RCC.SYSCLKSource=RCC_SYSCLKSOURCE_PLLCLK
RCC.UART4Freq_Value=159000000
RCC.UART5Freq_Value=159000000
RCC.USART1Freq_Value=159000000
RCC.USART2Freq_Value=159000000
RCC.USART3Freq_Value=159000000
RCC.USBFreq_Value=159000000
RCC.VCOInputFreq_Value=6000000
RCC.VCOOutputFreq_Value=318000000
SH.COMP_DAC11_group.0=DAC1_OUT1,DAC_OUT1_ExtAndInt
SH.COMP_DAC11_group.ConfNb=1
SH.S_TIM1_CH1.0=TIM1_CH1,PWM Generation1 CH1 CH1N
SH.S_TIM1_CH1.ConfNb=1
SH.S_TIM1_CH2.0=TIM1_CH2,PWM Generation2 CH2 CH2N
SH.S_TIM1_CH2.ConfNb=1
SH.S_TIM1_CH3.0=TIM1_CH3,PWM Generation3 CH3 CH3N
SH.S_TIM1_CH3.ConfNb=1
SH.S_TIM2_CH1.0=TIM2_CH1,PWM Generation1 CH1
SH.S_TIM2_CH1.ConfNb=1
SH.S_TIM3_CH3.0=TIM3_CH3,PWM Generation3 CH3
SH.S_TIM3_CH3.ConfNb=1
SH.S_TIM3_CH4.0=TIM3_CH4,PWM Generation4 CH4
SH.S_TIM3_CH4.ConfNb=1
SH.S_TIM4_CH1.0=TIM4_CH1,Xored_Inputs_Hall_Sensor_Interface
SH.S_TIM4_CH1.ConfNb=1
SH.S_TIM4_CH2.0=TIM4_CH2,Xored_Inputs_Hall_Sensor_Interface
SH.S_TIM4_CH2.ConfNb=1
SH.S_TIM4_CH3.0=TIM4_CH3,Xored_Inputs_Hall_Sensor_Interface
SH.S_TIM4_CH3.ConfNb=1
SH.S_TIM5_CH2.0=TIM5_CH2,Input_Capture2_from_TI2
SH.S_TIM5_CH2.ConfNb=1
TIM1.Channel-PWM\ Generation1\ CH1\ CH1N=TIM_CHANNEL_1
TIM1.Channel-PWM\ Generation2\ CH2\ CH2N=TIM_CHANNEL_2
TIM1.Channel-PWM\ Generation3\ CH3\ CH3N=TIM_CHANNEL_3
TIM1.IPParameters=Channel-PWM Generation1 CH1 CH1N,Channel-PWM Generation2 CH2 CH2N,Channel-PWM Generation3 CH3 CH3N
TIM2.Channel-PWM\ Generation1\ CH1=TIM_CHANNEL_1
TIM2.IPParameters=Channel-PWM Generation1 CH1
TIM3.Channel-PWM\ Generation3\ CH3=TIM_CHANNEL_3
TIM3.Channel-PWM\ Generation4\ CH4=TIM_CHANNEL_4
TIM3.IPParameters=Channel-PWM Generation3 CH3,Channel-PWM Generation4 CH4
TIM5.Channel-Input_Capture2_from_TI2=TIM_CHANNEL_2
TIM5.IPParameters=Channel-Input_Capture2_from_TI2
USART2.IPParameters=VirtualMode-Asynchronous
USART2.VirtualMode-Asynchronous=VM_ASYNC
VP_ADC1_TempSens_Input.Mode=IN-TempSens
VP_ADC1_TempSens_Input.Signal=ADC1_TempSens_Input
VP_ADC5_TempSens_Input.Mode=IN-TempSens
VP_ADC5_TempSens_Input.Signal=ADC5_TempSens_Input
VP_CORDIC_VS_CORDIC.Mode=CORDIC_Activate
VP_CORDIC_VS_CORDIC.Signal=CORDIC_VS_CORDIC
VP_SYS_VS_DBSignals.Mode=DisableDeadBatterySignals
VP_SYS_VS_DBSignals.Signal=SYS_VS_DBSignals
VP_SYS_VS_Systick.Mode=SysTick
VP_SYS_VS_Systick.Signal=SYS_VS_Systick
board=custom
